Microsoft Visual Studio Solution File, Format Version 12.00
# Visual Studio 2012
Project("{FAE04EC0-301F-11D3-BF4B-00C04F79EFBC}") = "squash-and-stretch", "squash-and-stretch.csproj", "{11707273-E2A8-4D2D-9FD1-644D12ACE501}"
EndProject
Global
	GlobalSection(SolutionConfigurationPlatforms) = preSolution
	Debug|Any CPU = Debug|Any CPU
	ExportDebug|Any CPU = ExportDebug|Any CPU
	ExportRelease|Any CPU = ExportRelease|Any CPU
	EndGlobalSection
	GlobalSection(ProjectConfigurationPlatforms) = postSolution
		{11707273-E2A8-4D2D-9FD1-644D12ACE501}.Debug|Any CPU.ActiveCfg = Debug|Any CPU
		{11707273-E2A8-4D2D-9FD1-644D12ACE501}.Debug|Any CPU.Build.0 = Debug|Any CPU
		{11707273-E2A8-4D2D-9FD1-644D12ACE501}.ExportDebug|Any CPU.ActiveCfg = ExportDebug|Any CPU
		{11707273-E2A8-4D2D-9FD1-644D12ACE501}.ExportDebug|Any CPU.Build.0 = ExportDebug|Any CPU
		{11707273-E2A8-4D2D-9FD1-644D12ACE501}.ExportRelease|Any CPU.ActiveCfg = ExportRelease|Any CPU
		{11707273-E2A8-4D2D-9FD1-644D12ACE501}.ExportRelease|Any CPU.Build.0 = ExportRelease|Any CPU
	EndGlobalSection
EndGlobal
